// !$*UTF8*$!
{
	archiveVersion = 1;
	classes = {
	};
	objectVersion = 56;
	objects = {

/* Begin PBXBuildFile section */
		D3DD6D1B2A7008150053AED1 /* Todo_AppApp.swift in Sources */ = {isa = PBXBuildFile; fileRef = D3DD6D1A2A7008150053AED1 /* Todo_AppApp.swift */; };
		D3DD6D1F2A7008170053AED1 /* Assets.xcassets in Resources */ = {isa = PBXBuildFile; fileRef = D3DD6D1E2A7008170053AED1 /* Assets.xcassets */; };
		D3DD6D222A7008170053AED1 /* Preview Assets.xcassets in Resources */ = {isa = PBXBuildFile; fileRef = D3DD6D212A7008170053AED1 /* Preview Assets.xcassets */; };
		D3DD6D292A70098B0053AED1 /* Todo.swift in Sources */ = {isa = PBXBuildFile; fileRef = D3DD6D282A70098B0053AED1 /* Todo.swift */; };
		D3DD6D2D2A7166E90053AED1 /* TodoDetailView.swift in Sources */ = {isa = PBXBuildFile; fileRef = D3DD6D2C2A7166E90053AED1 /* TodoDetailView.swift */; };
		D3DD6D372A75A9DF0053AED1 /* SwiftUIView.swift in Sources */ = {isa = PBXBuildFile; fileRef = D3DD6D362A75A9DF0053AED1 /* SwiftUIView.swift */; };
		D3DD6D392A75AA9C0053AED1 /* NewTodoView.swift in Sources */ = {isa = PBXBuildFile; fileRef = D3DD6D382A75AA9C0053AED1 /* NewTodoView.swift */; };
		D3DD6D3B2A75AE0F0053AED1 /* TodoRowView.swift in Sources */ = {isa = PBXBuildFile; fileRef = D3DD6D3A2A75AE0F0053AED1 /* TodoRowView.swift */; };
		D3DD6D3D2A799EB10053AED1 /* TodoManager.swift in Sources */ = {isa = PBXBuildFile; fileRef = D3DD6D3C2A799EB10053AED1 /* TodoManager.swift */; };
		D3DD6D3F2A8BBEE30053AED1 /* Todo+Sample.swift in Sources */ = {isa = PBXBuildFile; fileRef = D3DD6D3E2A8BBEE30053AED1 /* Todo+Sample.swift */; };
		D3DD6D432A8D55930053AED1 /* MainTodoList.swift in Sources */ = {isa = PBXBuildFile; fileRef = D3DD6D422A8D55930053AED1 /* MainTodoList.swift */; };
		D3DD6D452A8E55600053AED1 /* How many more view.swift in Sources */ = {isa = PBXBuildFile; fileRef = D3DD6D442A8E55600053AED1 /* How many more view.swift */; };
/* End PBXBuildFile section */

/* Begin PBXFileReference section */
		D3DD6D172A7008150053AED1 /* Todo App.app */ = {isa = PBXFileReference; explicitFileType = wrapper.application; includeInIndex = 0; path = "Todo App.app"; sourceTree = BUILT_PRODUCTS_DIR; };
		D3DD6D1A2A7008150053AED1 /* Todo_AppApp.swift */ = {isa = PBXFileReference; lastKnownFileType = sourcecode.swift; path = Todo_AppApp.swift; sourceTree = "<group>"; };
		D3DD6D1E2A7008170053AED1 /* Assets.xcassets */ = {isa = PBXFileReference; lastKnownFileType = folder.assetcatalog; path = Assets.xcassets; sourceTree = "<group>"; };
		D3DD6D212A7008170053AED1 /* Preview Assets.xcassets */ = {isa = PBXFileReference; lastKnownFileType = folder.assetcatalog; path = "Preview Assets.xcassets"; sourceTree = "<group>"; };
		D3DD6D282A70098B0053AED1 /* Todo.swift */ = {isa = PBXFileReference; lastKnownFileType = sourcecode.swift; path = Todo.swift; sourceTree = "<group>"; };
		D3DD6D2C2A7166E90053AED1 /* TodoDetailView.swift */ = {isa = PBXFileReference; lastKnownFileType = sourcecode.swift; path = TodoDetailView.swift; sourceTree = "<group>"; };
		D3DD6D362A75A9DF0053AED1 /* SwiftUIView.swift */ = {isa = PBXFileReference; lastKnownFileType = sourcecode.swift; path = SwiftUIView.swift; sourceTree = "<group>"; };
		D3DD6D382A75AA9C0053AED1 /* NewTodoView.swift */ = {isa = PBXFileReference; lastKnownFileType = sourcecode.swift; path = NewTodoView.swift; sourceTree = "<group>"; };
		D3DD6D3A2A75AE0F0053AED1 /* TodoRowView.swift */ = {isa = PBXFileReference; lastKnownFileType = sourcecode.swift; path = TodoRowView.swift; sourceTree = "<group>"; };
		D3DD6D3C2A799EB10053AED1 /* TodoManager.swift */ = {isa = PBXFileReference; lastKnownFileType = sourcecode.swift; path = TodoManager.swift; sourceTree = "<group>"; };
		D3DD6D3E2A8BBEE30053AED1 /* Todo+Sample.swift */ = {isa = PBXFileReference; lastKnownFileType = sourcecode.swift; path = "Todo+Sample.swift"; sourceTree = "<group>"; };
		D3DD6D422A8D55930053AED1 /* MainTodoList.swift */ = {isa = PBXFileReference; lastKnownFileType = sourcecode.swift; path = MainTodoList.swift; sourceTree = "<group>"; };
		D3DD6D442A8E55600053AED1 /* How many more view.swift */ = {isa = PBXFileReference; lastKnownFileType = sourcecode.swift; path = "How many more view.swift"; sourceTree = "<group>"; };
/* End PBXFileReference section */

/* Begin PBXFrameworksBuildPhase section */
		D3DD6D142A7008150053AED1 /* Frameworks */ = {
			isa = PBXFrameworksBuildPhase;
			buildActionMask = 2147483647;
			files = (
			);
			runOnlyForDeploymentPostprocessing = 0;
		};
/* End PBXFrameworksBuildPhase section */

/* Begin PBXGroup section */
		D3DD6D0E2A7008150053AED1 = {
			isa = PBXGroup;
			children = (
				D3DD6D192A7008150053AED1 /* Todo App */,
				D3DD6D182A7008150053AED1 /* Products */,
			);
			sourceTree = "<group>";
		};
		D3DD6D182A7008150053AED1 /* Products */ = {
			isa = PBXGroup;
			children = (
				D3DD6D172A7008150053AED1 /* Todo App.app */,
			);
			name = Products;
			sourceTree = "<group>";
		};
		D3DD6D192A7008150053AED1 /* Todo App */ = {
			isa = PBXGroup;
			children = (
				D3DD6D322A75A70B0053AED1 /* Model and View Model */,
				D3DD6D352A75A8610053AED1 /* Views */,
				D3DD6D1E2A7008170053AED1 /* Assets.xcassets */,
				D3DD6D202A7008170053AED1 /* Preview Content */,
			);
			path = "Todo App";
			sourceTree = "<group>";
		};
		D3DD6D202A7008170053AED1 /* Preview Content */ = {
			isa = PBXGroup;
			children = (
				D3DD6D212A7008170053AED1 /* Preview Assets.xcassets */,
			);
			path = "Preview Content";
			sourceTree = "<group>";
		};
		D3DD6D322A75A70B0053AED1 /* Model and View Model */ = {
			isa = PBXGroup;
			children = (
				D3DD6D282A70098B0053AED1 /* Todo.swift */,
				D3DD6D1A2A7008150053AED1 /* Todo_AppApp.swift */,
				D3DD6D3C2A799EB10053AED1 /* TodoManager.swift */,
				D3DD6D3E2A8BBEE30053AED1 /* Todo+Sample.swift */,
			);
			path = "Model and View Model";
			sourceTree = "<group>";
		};
		D3DD6D352A75A8610053AED1 /* Views */ = {
			isa = PBXGroup;
			children = (
				D3DD6D412A8D551C0053AED1 /* How many more tab */,
				D3DD6D402A8D54E50053AED1 /* Main */,
				D3DD6D362A75A9DF0053AED1 /* SwiftUIView.swift */,
				D3DD6D3A2A75AE0F0053AED1 /* TodoRowView.swift */,
				D3DD6D2C2A7166E90053AED1 /* TodoDetailView.swift */,
				D3DD6D382A75AA9C0053AED1 /* NewTodoView.swift */,
			);
			path = Views;
			sourceTree = "<group>";
		};
		D3DD6D402A8D54E50053AED1 /* Main */ = {
			isa = PBXGroup;
			children = (
				D3DD6D422A8D55930053AED1 /* MainTodoList.swift */,
			);
			path = Main;
			sourceTree = "<group>";
		};
		D3DD6D412A8D551C0053AED1 /* How many more tab */ = {
			isa = PBXGroup;
			children = (
				D3DD6D442A8E55600053AED1 /* How many more view.swift */,
			);
			path = "How many more tab";
			sourceTree = "<group>";
		};
/* End PBXGroup section */

/* Begin PBXNativeTarget section */
		D3DD6D162A7008150053AED1 /* Todo App */ = {
			isa = PBXNativeTarget;
			buildConfigurationList = D3DD6D252A7008170053AED1 /* Build configuration list for PBXNativeTarget "Todo App" */;
			buildPhases = (
				D3DD6D132A7008150053AED1 /* Sources */,
				D3DD6D142A7008150053AED1 /* Frameworks */,
				D3DD6D152A7008150053AED1 /* Resources */,
			);
			buildRules = (
			);
			dependencies = (
			);
			name = "Todo App";
			productName = "Todo App";
			productReference = D3DD6D172A7008150053AED1 /* Todo App.app */;
			productType = "com.apple.product-type.application";
		};
/* End PBXNativeTarget section */

/* Begin PBXProject section */
		D3DD6D0F2A7008150053AED1 /* Project object */ = {
			isa = PBXProject;
			attributes = {
				BuildIndependentTargetsInParallel = 1;
				LastSwiftUpdateCheck = 1430;
				LastUpgradeCheck = 1430;
				TargetAttributes = {
					D3DD6D162A7008150053AED1 = {
						CreatedOnToolsVersion = 14.3;
					};
				};
			};
			buildConfigurationList = D3DD6D122A7008150053AED1 /* Build configuration list for PBXProject "Todo App" */;
			compatibilityVersion = "Xcode 14.0";
			developmentRegion = en;
			hasScannedForEncodings = 0;
			knownRegions = (
				en,
				Base,
			);
			mainGroup = D3DD6D0E2A7008150053AED1;
			productRefGroup = D3DD6D182A7008150053AED1 /* Products */;
			projectDirPath = "";
			projectRoot = "";
			targets = (
				D3DD6D162A7008150053AED1 /* Todo App */,
			);
		};
/* End PBXProject section */

/* Begin PBXResourcesBuildPhase section */
		D3DD6D152A7008150053AED1 /* Resources */ = {
			isa = PBXResourcesBuildPhase;
			buildActionMask = 2147483647;
			files = (
				D3DD6D222A7008170053AED1 /* Preview Assets.xcassets in Resources */,
				D3DD6D1F2A7008170053AED1 /* Assets.xcassets in Resources */,
			);
			runOnlyForDeploymentPostprocessing = 0;
		};
/* End PBXResourcesBuildPhase section */

/* Begin PBXSourcesBuildPhase section */
		D3DD6D132A7008150053AED1 /* Sources */ = {
			isa = PBXSourcesBuildPhase;
			buildActionMask = 2147483647;
			files = (
				D3DD6D452A8E55600053AED1 /* How many more view.swift in Sources */,
				D3DD6D292A70098B0053AED1 /* Todo.swift in Sources */,
				D3DD6D3B2A75AE0F0053AED1 /* TodoRowView.swift in Sources */,
				D3DD6D1B2A7008150053AED1 /* Todo_AppApp.swift in Sources */,
				D3DD6D392A75AA9C0053AED1 /* NewTodoView.swift in Sources */,
				D3DD6D2D2A7166E90053AED1 /* TodoDetailView.swift in Sources */,
				D3DD6D432A8D55930053AED1 /* MainTodoList.swift in Sources */,
				D3DD6D372A75A9DF0053AED1 /* SwiftUIView.swift in Sources */,
				D3DD6D3D2A799EB10053AED1 /* TodoManager.swift in Sources */,
				D3DD6D3F2A8BBEE30053AED1 /* Todo+Sample.swift in Sources */,
			);
			runOnlyForDeploymentPostprocessing = 0;
		};
/* End PBXSourcesBuildPhase section */

/* Begin XCBuildConfiguration section */
		D3DD6D232A7008170053AED1 /* Debug */ = {
			isa = XCBuildConfiguration;
			buildSettings = {
				ALWAYS_SEARCH_USER_PATHS = NO;
				CLANG_ANALYZER_NONNULL = YES;
				CLANG_ANALYZER_NUMBER_OBJECT_CONVERSION = YES_AGGRESSIVE;
				CLANG_CXX_LANGUAGE_STANDARD = "gnu++20";
				CLANG_ENABLE_MODULES = YES;
				CLANG_ENABLE_OBJC_ARC = YES;
				CLANG_ENABLE_OBJC_WEAK = YES;
				CLANG_WARN_BLOCK_CAPTURE_AUTORELEASING = YES;
				CLANG_WARN_BOOL_CONVERSION = YES;
				CLANG_WARN_COMMA = YES;
				CLANG_WARN_CONSTANT_CONVERSION = YES;
				CLANG_WARN_DEPRECATED_OBJC_IMPLEMENTATIONS = YES;
				CLANG_WARN_DIRECT_OBJC_ISA_USAGE = YES_ERROR;
				CLANG_WARN_DOCUMENTATION_COMMENTS = YES;
				CLANG_WARN_EMPTY_BODY = YES;
				CLANG_WARN_ENUM_CONVERSION = YES;
				CLANG_WARN_INFINITE_RECURSION = YES;
				CLANG_WARN_INT_CONVERSION = YES;
				CLANG_WARN_NON_LITERAL_NULL_CONVERSION = YES;
				CLANG_WARN_OBJC_IMPLICIT_RETAIN_SELF = YES;
				CLANG_WARN_OBJC_LITERAL_CONVERSION = YES;
				CLANG_WARN_OBJC_ROOT_CLASS = YES_ERROR;
				CLANG_WARN_QUOTED_INCLUDE_IN_FRAMEWORK_HEADER = YES;
				CLANG_WARN_RANGE_LOOP_ANALYSIS = YES;
				CLANG_WARN_STRICT_PROTOTYPES = YES;
				CLANG_WARN_SUSPICIOUS_MOVE = YES;
				CLANG_WARN_UNGUARDED_AVAILABILITY = YES_AGGRESSIVE;
				CLANG_WARN_UNREACHABLE_CODE = YES;
				CLANG_WARN__DUPLICATE_METHOD_MATCH = YES;
				COPY_PHASE_STRIP = NO;
				DEBUG_INFORMATION_FORMAT = dwarf;
				ENABLE_STRICT_OBJC_MSGSEND = YES;
				ENABLE_TESTABILITY = YES;
				GCC_C_LANGUAGE_STANDARD = gnu11;
				GCC_DYNAMIC_NO_PIC = NO;
				GCC_NO_COMMON_BLOCKS = YES;
				GCC_OPTIMIZATION_LEVEL = 0;
				GCC_PREPROCESSOR_DEFINITIONS = (
					"DEBUG=1",
					"$(inherited)",
				);
				GCC_WARN_64_TO_32_BIT_CONVERSION = YES;
				GCC_WARN_ABOUT_RETURN_TYPE = YES_ERROR;
				GCC_WARN_UNDECLARED_SELECTOR = YES;
				GCC_WARN_UNINITIALIZED_AUTOS = YES_AGGRESSIVE;
				GCC_WARN_UNUSED_FUNCTION = YES;
				GCC_WARN_UNUSED_VARIABLE = YES;
				IPHONEOS_DEPLOYMENT_TARGET = 16.4;
				MTL_ENABLE_DEBUG_INFO = INCLUDE_SOURCE;
				MTL_FAST_MATH = YES;
				ONLY_ACTIVE_ARCH = YES;
				SDKROOT = iphoneos;
				SWIFT_ACTIVE_COMPILATION_CONDITIONS = DEBUG;
				SWIFT_OPTIMIZATION_LEVEL = "-Onone";
			};
			name = Debug;
		};
		D3DD6D242A7008170053AED1 /* Release */ = {
			isa = XCBuildConfiguration;
			buildSettings = {
				ALWAYS_SEARCH_USER_PATHS = NO;
				CLANG_ANALYZER_NONNULL = YES;
				CLANG_ANALYZER_NUMBER_OBJECT_CONVERSION = YES_AGGRESSIVE;
				CLANG_CXX_LANGUAGE_STANDARD = "gnu++20";
				CLANG_ENABLE_MODULES = YES;
				CLANG_ENABLE_OBJC_ARC = YES;
				CLANG_ENABLE_OBJC_WEAK = YES;
				CLANG_WARN_BLOCK_CAPTURE_AUTORELEASING = YES;
				CLANG_WARN_BOOL_CONVERSION = YES;
				CLANG_WARN_COMMA = YES;
				CLANG_WARN_CONSTANT_CONVERSION = YES;
				CLANG_WARN_DEPRECATED_OBJC_IMPLEMENTATIONS = YES;
				CLANG_WARN_DIRECT_OBJC_ISA_USAGE = YES_ERROR;
				CLANG_WARN_DOCUMENTATION_COMMENTS = YES;
				CLANG_WARN_EMPTY_BODY = YES;
				CLANG_WARN_ENUM_CONVERSION = YES;
				CLANG_WARN_INFINITE_RECURSION = YES;
				CLANG_WARN_INT_CONVERSION = YES;
				CLANG_WARN_NON_LITERAL_NULL_CONVERSION = YES;
				CLANG_WARN_OBJC_IMPLICIT_RETAIN_SELF = YES;
				CLANG_WARN_OBJC_LITERAL_CONVERSION = YES;
				CLANG_WARN_OBJC_ROOT_CLASS = YES_ERROR;
				CLANG_WARN_QUOTED_INCLUDE_IN_FRAMEWORK_HEADER = YES;
				CLANG_WARN_RANGE_LOOP_ANALYSIS = YES;
				CLANG_WARN_STRICT_PROTOTYPES = YES;
				CLANG_WARN_SUSPICIOUS_MOVE = YES;
				CLANG_WARN_UNGUARDED_AVAILABILITY = YES_AGGRESSIVE;
				CLANG_WARN_UNREACHABLE_CODE = YES;
				CLANG_WARN__DUPLICATE_METHOD_MATCH = YES;
				COPY_PHASE_STRIP = NO;
				DEBUG_INFORMATION_FORMAT = "dwarf-with-dsym";
				ENABLE_NS_ASSERTIONS = NO;
				ENABLE_STRICT_OBJC_MSGSEND = YES;
				GCC_C_LANGUAGE_STANDARD = gnu11;
				GCC_NO_COMMON_BLOCKS = YES;
				GCC_WARN_64_TO_32_BIT_CONVERSION = YES;
				GCC_WARN_ABOUT_RETURN_TYPE = YES_ERROR;
				GCC_WARN_UNDECLARED_SELECTOR = YES;
				GCC_WARN_UNINITIALIZED_AUTOS = YES_AGGRESSIVE;
				GCC_WARN_UNUSED_FUNCTION = YES;
				GCC_WARN_UNUSED_VARIABLE = YES;
				IPHONEOS_DEPLOYMENT_TARGET = 16.4;
				MTL_ENABLE_DEBUG_INFO = NO;
				MTL_FAST_MATH = YES;
				SDKROOT = iphoneos;
				SWIFT_COMPILATION_MODE = wholemodule;
				SWIFT_OPTIMIZATION_LEVEL = "-O";
				VALIDATE_PRODUCT = YES;
			};
			name = Release;
		};
		D3DD6D262A7008170053AED1 /* Debug */ = {
			isa = XCBuildConfiguration;
			buildSettings = {
				ASSETCATALOG_COMPILER_APPICON_NAME = AppIcon;
				ASSETCATALOG_COMPILER_GLOBAL_ACCENT_COLOR_NAME = AccentColor;
				CODE_SIGN_STYLE = Automatic;
				CURRENT_PROJECT_VERSION = 1;
				DEVELOPMENT_ASSET_PATHS = "\"Todo App/Preview Content\"";
				DEVELOPMENT_TEAM = SDA2X66ZF2;
				ENABLE_PREVIEWS = YES;
				GENERATE_INFOPLIST_FILE = YES;
				INFOPLIST_KEY_UIApplicationSceneManifest_Generation = YES;
				INFOPLIST_KEY_UIApplicationSupportsIndirectInputEvents = YES;
				INFOPLIST_KEY_UILaunchScreen_Generation = YES;
				INFOPLIST_KEY_UISupportedInterfaceOrientations_iPad = "UIInterfaceOrientationPortrait UIInterfaceOrientationPortraitUpsideDown UIInterfaceOrientationLandscapeLeft UIInterfaceOrientationLandscapeRight";
				INFOPLIST_KEY_UISupportedInterfaceOrientations_iPhone = "UIInterfaceOrientationPortrait UIInterfaceOrientationLandscapeLeft UIInterfaceOrientationLandscapeRight";
				LD_RUNPATH_SEARCH_PATHS = (
					"$(inherited)",
					"@executable_path/Frameworks",
				);
				MARKETING_VERSION = 1.0;
				PRODUCT_BUNDLE_IDENTIFIER = "Todo.Todo-App";
				PRODUCT_NAME = "$(TARGET_NAME)";
				SWIFT_EMIT_LOC_STRINGS = YES;
				SWIFT_VERSION = 5.0;
				TARGETED_DEVICE_FAMILY = "1,2";
			};
			name = Debug;
		};
		D3DD6D272A7008170053AED1 /* Release */ = {
			isa = XCBuildConfiguration;
			buildSettings = {
				ASSETCATALOG_COMPILER_APPICON_NAME = AppIcon;
				ASSETCATALOG_COMPILER_GLOBAL_ACCENT_COLOR_NAME = AccentColor;
				CODE_SIGN_STYLE = Automatic;
				CURRENT_PROJECT_VERSION = 1;
				DEVELOPMENT_ASSET_PATHS = "\"Todo App/Preview Content\"";
				DEVELOPMENT_TEAM = SDA2X66ZF2;
				ENABLE_PREVIEWS = YES;
				GENERATE_INFOPLIST_FILE = YES;
				INFOPLIST_KEY_UIApplicationSceneManifest_Generation = YES;
				INFOPLIST_KEY_UIApplicationSupportsIndirectInputEvents = YES;
				INFOPLIST_KEY_UILaunchScreen_Generation = YES;
				INFOPLIST_KEY_UISupportedInterfaceOrientations_iPad = "UIInterfaceOrientationPortrait UIInterfaceOrientationPortraitUpsideDown UIInterfaceOrientationLandscapeLeft UIInterfaceOrientationLandscapeRight";
				INFOPLIST_KEY_UISupportedInterfaceOrientations_iPhone = "UIInterfaceOrientationPortrait UIInterfaceOrientationLandscapeLeft UIInterfaceOrientationLandscapeRight";
				LD_RUNPATH_SEARCH_PATHS = (
					"$(inherited)",
					"@executable_path/Frameworks",
				);
				MARKETING_VERSION = 1.0;
				PRODUCT_BUNDLE_IDENTIFIER = "Todo.Todo-App";
				PRODUCT_NAME = "$(TARGET_NAME)";
				SWIFT_EMIT_LOC_STRINGS = YES;
				SWIFT_VERSION = 5.0;
				TARGETED_DEVICE_FAMILY = "1,2";
			};
			name = Release;
		};
/* End XCBuildConfiguration section */

/* Begin XCConfigurationList section */
		D3DD6D122A7008150053AED1 /* Build configuration list for PBXProject "Todo App" */ = {
			isa = XCConfigurationList;
			buildConfigurations = (
				D3DD6D232A7008170053AED1 /* Debug */,
				D3DD6D242A7008170053AED1 /* Release */,
			);
			defaultConfigurationIsVisible = 0;
			defaultConfigurationName = Release;
		};
		D3DD6D252A7008170053AED1 /* Build configuration list for PBXNativeTarget "Todo App" */ = {
			isa = XCConfigurationList;
			buildConfigurations = (
				D3DD6D262A7008170053AED1 /* Debug */,
				D3DD6D272A7008170053AED1 /* Release */,
			);
			defaultConfigurationIsVisible = 0;
			defaultConfigurationName = Release;
		};
/* End XCConfigurationList section */
	};
	rootObject = D3DD6D0F2A7008150053AED1 /* Project object */;
}
